
Microsoft Visual Studio Solution File, Format Version 12.00
# Visual Studio Version 16
VisualStudioVersion = 16.0.31205.134
MinimumVisualStudioVersion = 10.0.40219.1
Project("{FAE04EC0-301F-11D3-BF4B-00C04F79EFBC}") = "SmartEggCracker", "SmartEggCracker.csproj", "{99E49C53-42BB-4CB8-82C2-FE2F84B1BE5C}"
EndProject
Global
	GlobalSection(SolutionConfigurationPlatforms) = preSolution
		Debug|Any CPU = Debug|Any CPU
		Release|Any CPU = Release|Any CPU
	EndGlobalSection
	GlobalSection(ProjectConfigurationPlatforms) = postSolution
		{99E49C53-42BB-4CB8-82C2-FE2F84B1BE5C}.Debug|Any CPU.ActiveCfg = Debug|Any CPU
		{99E49C53-42BB-4CB8-82C2-FE2F84B1BE5C}.Debug|Any CPU.Build.0 = Debug|Any CPU
		{99E49C53-42BB-4CB8-82C2-FE2F84B1BE5C}.Release|Any CPU.ActiveCfg = Release|Any CPU
		{99E49C53-42BB-4CB8-82C2-FE2F84B1BE5C}.Release|Any CPU.Build.0 = Release|Any CPU
	EndGlobalSection
	GlobalSection(SolutionProperties) = preSolution
		HideSolutionNode = FALSE
	EndGlobalSection
	GlobalSection(ExtensibilityGlobals) = postSolution
		SolutionGuid = {114E3DC5-339B-4660-B946-F3C6F3C8466B}
	EndGlobalSection
EndGlobal
